
Microsoft Visual Studio Solution File, Format Version 12.00
# Visual Studio Version 17
VisualStudioVersion = 17.4.33205.214
MinimumVisualStudioVersion = 10.0.40219.1
Project("{FAE04EC0-301F-11D3-BF4B-00C04F79EFBC}") = "utsLanjutan", "utsLanjutan\utsLanjutan.csproj", "{C5456A1B-AC40-4952-820B-F7C040F936B4}"
EndProject
Global
	GlobalSection(SolutionConfigurationPlatforms) = preSolution
		Debug|Any CPU = Debug|Any CPU
		Release|Any CPU = Release|Any CPU
	EndGlobalSection
	GlobalSection(ProjectConfigurationPlatforms) = postSolution
		{C5456A1B-AC40-4952-820B-F7C040F936B4}.Debug|Any CPU.ActiveCfg = Debug|Any CPU
		{C5456A1B-AC40-4952-820B-F7C040F936B4}.Debug|Any CPU.Build.0 = Debug|Any CPU
		{C5456A1B-AC40-4952-820B-F7C040F936B4}.Release|Any CPU.ActiveCfg = Release|Any CPU
		{C5456A1B-AC40-4952-820B-F7C040F936B4}.Release|Any CPU.Build.0 = Release|Any CPU
	EndGlobalSection
	GlobalSection(SolutionProperties) = preSolution
		HideSolutionNode = FALSE
	EndGlobalSection
	GlobalSection(ExtensibilityGlobals) = postSolution
		SolutionGuid = {CD02D7FA-AF75-46A2-82F4-9ABF9D2034E1}
	EndGlobalSection
EndGlobal
